
Microsoft Visual Studio Solution File, Format Version 12.00
# Visual Studio Version 16
VisualStudioVersion = 16.0.32002.261
MinimumVisualStudioVersion = 10.0.40219.1
Project("{FAE04EC0-301F-11D3-BF4B-00C04F79EFBC}") = "Team18App", "Team18App\Team18App.csproj", "{A399BF1B-A9BF-4F8E-B7C0-C67A5D1ED871}"
EndProject
Global
	GlobalSection(SolutionConfigurationPlatforms) = preSolution
		Debug|Any CPU = Debug|Any CPU
		Release|Any CPU = Release|Any CPU
	EndGlobalSection
	GlobalSection(ProjectConfigurationPlatforms) = postSolution
		{A399BF1B-A9BF-4F8E-B7C0-C67A5D1ED871}.Debug|Any CPU.ActiveCfg = Debug|Any CPU
		{A399BF1B-A9BF-4F8E-B7C0-C67A5D1ED871}.Debug|Any CPU.Build.0 = Debug|Any CPU
		{A399BF1B-A9BF-4F8E-B7C0-C67A5D1ED871}.Release|Any CPU.ActiveCfg = Release|Any CPU
		{A399BF1B-A9BF-4F8E-B7C0-C67A5D1ED871}.Release|Any CPU.Build.0 = Release|Any CPU
	EndGlobalSection
	GlobalSection(SolutionProperties) = preSolution
		HideSolutionNode = FALSE
	EndGlobalSection
	GlobalSection(ExtensibilityGlobals) = postSolution
		SolutionGuid = {23B80D9B-E676-40D1-9997-C1DA69DA6FEF}
	EndGlobalSection
EndGlobal
